
Microsoft Visual Studio Solution File, Format Version 12.00
# Visual Studio Version 17
VisualStudioVersion = 17.2.32630.192
MinimumVisualStudioVersion = 10.0.40219.1
Project("{2150E333-8FDC-42A3-9474-1A3956D46DE8}") = "src", "src", "{A18CEA0B-378E-4DF8-9CC6-5B9136914468}"
EndProject
Project("{2150E333-8FDC-42A3-9474-1A3956D46DE8}") = "ApiGateways", "ApiGateways", "{72B6DF6C-645B-4C13-8271-D9277CC0C6DA}"
EndProject
Project("{2150E333-8FDC-42A3-9474-1A3956D46DE8}") = "Services", "Services", "{E1F4B298-7B90-4DE0-AD02-2BDEAC2D7E7F}"
EndProject
Project("{2150E333-8FDC-42A3-9474-1A3956D46DE8}") = "Building Blocks", "Building Blocks", "{B397FE44-BB9B-4962-8D5A-039A0905F140}"
EndProject
Project("{9A19103F-16F7-4668-BE54-9A1E7A4F7556}") = "NS.Carrinho.API", "src\services\ES.Carrinho.API\NS.Carrinho.API.csproj", "{B85FCA4A-2EB7-4A22-9306-EBF3E8558FC0}"
EndProject
Project("{9A19103F-16F7-4668-BE54-9A1E7A4F7556}") = "NS.Catalogo.API", "src\services\ES.Catalogo.API\NS.Catalogo.API.csproj", "{3BAADC71-38F9-4945-BC57-2667FBE5FA25}"
EndProject
Project("{9A19103F-16F7-4668-BE54-9A1E7A4F7556}") = "NS.Cliente.API", "src\services\ES.Cliente.API\NS.Cliente.API.csproj", "{6D8FD841-8D7A-4D41-A62D-B32BE2A3E4EF}"
EndProject
Project("{9A19103F-16F7-4668-BE54-9A1E7A4F7556}") = "NS.Identidade.API", "src\services\ES.Identidade.API\NS.Identidade.API.csproj", "{EE31BE66-D03F-4018-98AA-BB329E95ED23}"
EndProject
Project("{9A19103F-16F7-4668-BE54-9A1E7A4F7556}") = "NS.Pagamento.API", "src\services\ES.Pagamento.API\NS.Pagamento.API.csproj", "{A79EC6B0-AF83-47AB-A1A5-8F89EBD9F68E}"
EndProject
Project("{9A19103F-16F7-4668-BE54-9A1E7A4F7556}") = "NS.Pedidos.API", "src\services\ES.Pedido.API\NS.Pedidos.API.csproj", "{26474B7A-80F6-4E1C-A72C-17F85CDE5619}"
EndProject
Project("{2150E333-8FDC-42A3-9474-1A3956D46DE8}") = "Core", "Core", "{BB18AB8F-D4BF-499D-82DD-8E961D07EBB0}"
EndProject
Project("{2150E333-8FDC-42A3-9474-1A3956D46DE8}") = "Carrinho", "Carrinho", "{6FED2FB2-4D80-4D6D-A774-7674D112370C}"
EndProject
Project("{2150E333-8FDC-42A3-9474-1A3956D46DE8}") = "Catalogo", "Catalogo", "{49FA8A4B-3D97-4305-91E5-C90680B72FA5}"
EndProject
Project("{2150E333-8FDC-42A3-9474-1A3956D46DE8}") = "Identidade", "Identidade", "{12C27615-094C-4733-B647-C6E9AE85838C}"
EndProject
Project("{2150E333-8FDC-42A3-9474-1A3956D46DE8}") = "Pedido", "Pedido", "{794C41B0-439A-415B-9BE7-38CF011D2765}"
EndProject
Project("{2150E333-8FDC-42A3-9474-1A3956D46DE8}") = "Pagamento", "Pagamento", "{66DF2A6D-11ED-4C7B-8200-EF550146EB38}"
EndProject
Project("{2150E333-8FDC-42A3-9474-1A3956D46DE8}") = "Cliente", "Cliente", "{7BE68062-2528-4F75-88F4-D57A67F44290}"
EndProject
Project("{2150E333-8FDC-42A3-9474-1A3956D46DE8}") = "API.Extensions", "API.Extensions", "{F0960164-80B9-4BBA-8A0E-FEC8541C0D71}"
EndProject
Project("{9A19103F-16F7-4668-BE54-9A1E7A4F7556}") = "NS.APICore", "src\building blocks\NS.APICore\NS.APICore.csproj", "{C31FB8B5-3BB1-4207-94FF-635F27D5E841}"
EndProject
Project("{9A19103F-16F7-4668-BE54-9A1E7A4F7556}") = "NS.Core", "src\building blocks\NS.Core\NS.Core.csproj", "{DA4F2053-659F-4D4C-9584-9144923E1599}"
EndProject
Project("{2150E333-8FDC-42A3-9474-1A3956D46DE8}") = "MessageBus", "MessageBus", "{DF209F4A-5476-44E8-A067-0442B0CE09E6}"
EndProject
Project("{9A19103F-16F7-4668-BE54-9A1E7A4F7556}") = "NS.MessageBus", "src\building blocks\NS.MessageBus\NS.MessageBus.csproj", "{87B5BCD3-5472-41ED-BB52-0FE15A92E511}"
EndProject
Project("{9A19103F-16F7-4668-BE54-9A1E7A4F7556}") = "NS.Pedidos.Infra", "src\services\NS.Pedidos.Infra\NS.Pedidos.Infra.csproj", "{3D52F0D5-5824-443F-9B9B-FC407FAEE282}"
EndProject
Project("{9A19103F-16F7-4668-BE54-9A1E7A4F7556}") = "NS.Pedidos.Domain", "src\services\NS.Pedidos.Domain\NS.Pedidos.Domain.csproj", "{D900B97D-06EF-47EE-8D8A-D729F6D62E31}"
EndProject
Project("{2150E333-8FDC-42A3-9474-1A3956D46DE8}") = "Shoppings", "Shoppings", "{23FBE107-3128-411D-8EAF-4971AA571CD9}"
EndProject
Project("{9A19103F-16F7-4668-BE54-9A1E7A4F7556}") = "NS.BFF.Compras", "src\api gateways\NS.BFF.Compras\NS.BFF.Compras.csproj", "{106C0EBD-55B8-4E97-AB91-A43E79DC029E}"
EndProject
Project("{9A19103F-16F7-4668-BE54-9A1E7A4F7556}") = "NS.Pagamentos.NerdPag", "src\services\NS.Pagamentos.NerdPag\NS.Pagamentos.NerdPag.csproj", "{7521CC57-B51E-4EC9-A04D-448A2678F0D7}"
EndProject
Project("{2150E333-8FDC-42A3-9474-1A3956D46DE8}") = "Web", "Web", "{FC0CE08A-DDFF-493F-8AB0-869A178C8D71}"
EndProject
Project("{9A19103F-16F7-4668-BE54-9A1E7A4F7556}") = "NS.WebMVC", "src\web\WebMVC\NS.WebMVC.csproj", "{91C6A3F5-EE84-4CCB-BC9B-75DF372A033F}"
EndProject
Global
	GlobalSection(SolutionConfigurationPlatforms) = preSolution
		Debug|Any CPU = Debug|Any CPU
		Release|Any CPU = Release|Any CPU
	EndGlobalSection
	GlobalSection(ProjectConfigurationPlatforms) = postSolution
		{B85FCA4A-2EB7-4A22-9306-EBF3E8558FC0}.Debug|Any CPU.ActiveCfg = Debug|Any CPU
		{B85FCA4A-2EB7-4A22-9306-EBF3E8558FC0}.Debug|Any CPU.Build.0 = Debug|Any CPU
		{B85FCA4A-2EB7-4A22-9306-EBF3E8558FC0}.Release|Any CPU.ActiveCfg = Release|Any CPU
		{B85FCA4A-2EB7-4A22-9306-EBF3E8558FC0}.Release|Any CPU.Build.0 = Release|Any CPU
		{3BAADC71-38F9-4945-BC57-2667FBE5FA25}.Debug|Any CPU.ActiveCfg = Debug|Any CPU
		{3BAADC71-38F9-4945-BC57-2667FBE5FA25}.Debug|Any CPU.Build.0 = Debug|Any CPU
		{3BAADC71-38F9-4945-BC57-2667FBE5FA25}.Release|Any CPU.ActiveCfg = Release|Any CPU
		{3BAADC71-38F9-4945-BC57-2667FBE5FA25}.Release|Any CPU.Build.0 = Release|Any CPU
		{6D8FD841-8D7A-4D41-A62D-B32BE2A3E4EF}.Debug|Any CPU.ActiveCfg = Debug|Any CPU
		{6D8FD841-8D7A-4D41-A62D-B32BE2A3E4EF}.Debug|Any CPU.Build.0 = Debug|Any CPU
		{6D8FD841-8D7A-4D41-A62D-B32BE2A3E4EF}.Release|Any CPU.ActiveCfg = Release|Any CPU
		{6D8FD841-8D7A-4D41-A62D-B32BE2A3E4EF}.Release|Any CPU.Build.0 = Release|Any CPU
		{EE31BE66-D03F-4018-98AA-BB329E95ED23}.Debug|Any CPU.ActiveCfg = Debug|Any CPU
		{EE31BE66-D03F-4018-98AA-BB329E95ED23}.Debug|Any CPU.Build.0 = Debug|Any CPU
		{EE31BE66-D03F-4018-98AA-BB329E95ED23}.Release|Any CPU.ActiveCfg = Release|Any CPU
		{EE31BE66-D03F-4018-98AA-BB329E95ED23}.Release|Any CPU.Build.0 = Release|Any CPU
		{A79EC6B0-AF83-47AB-A1A5-8F89EBD9F68E}.Debug|Any CPU.ActiveCfg = Debug|Any CPU
		{A79EC6B0-AF83-47AB-A1A5-8F89EBD9F68E}.Debug|Any CPU.Build.0 = Debug|Any CPU
		{A79EC6B0-AF83-47AB-A1A5-8F89EBD9F68E}.Release|Any CPU.ActiveCfg = Release|Any CPU
		{A79EC6B0-AF83-47AB-A1A5-8F89EBD9F68E}.Release|Any CPU.Build.0 = Release|Any CPU
		{26474B7A-80F6-4E1C-A72C-17F85CDE5619}.Debug|Any CPU.ActiveCfg = Debug|Any CPU
		{26474B7A-80F6-4E1C-A72C-17F85CDE5619}.Debug|Any CPU.Build.0 = Debug|Any CPU
		{26474B7A-80F6-4E1C-A72C-17F85CDE5619}.Release|Any CPU.ActiveCfg = Release|Any CPU
		{26474B7A-80F6-4E1C-A72C-17F85CDE5619}.Release|Any CPU.Build.0 = Release|Any CPU
		{C31FB8B5-3BB1-4207-94FF-635F27D5E841}.Debug|Any CPU.ActiveCfg = Debug|Any CPU
		{C31FB8B5-3BB1-4207-94FF-635F27D5E841}.Debug|Any CPU.Build.0 = Debug|Any CPU
		{C31FB8B5-3BB1-4207-94FF-635F27D5E841}.Release|Any CPU.ActiveCfg = Release|Any CPU
		{C31FB8B5-3BB1-4207-94FF-635F27D5E841}.Release|Any CPU.Build.0 = Release|Any CPU
		{DA4F2053-659F-4D4C-9584-9144923E1599}.Debug|Any CPU.ActiveCfg = Debug|Any CPU
		{DA4F2053-659F-4D4C-9584-9144923E1599}.Debug|Any CPU.Build.0 = Debug|Any CPU
		{DA4F2053-659F-4D4C-9584-9144923E1599}.Release|Any CPU.ActiveCfg = Release|Any CPU
		{DA4F2053-659F-4D4C-9584-9144923E1599}.Release|Any CPU.Build.0 = Release|Any CPU
		{87B5BCD3-5472-41ED-BB52-0FE15A92E511}.Debug|Any CPU.ActiveCfg = Debug|Any CPU
		{87B5BCD3-5472-41ED-BB52-0FE15A92E511}.Debug|Any CPU.Build.0 = Debug|Any CPU
		{87B5BCD3-5472-41ED-BB52-0FE15A92E511}.Release|Any CPU.ActiveCfg = Release|Any CPU
		{87B5BCD3-5472-41ED-BB52-0FE15A92E511}.Release|Any CPU.Build.0 = Release|Any CPU
		{3D52F0D5-5824-443F-9B9B-FC407FAEE282}.Debug|Any CPU.ActiveCfg = Debug|Any CPU
		{3D52F0D5-5824-443F-9B9B-FC407FAEE282}.Debug|Any CPU.Build.0 = Debug|Any CPU
		{3D52F0D5-5824-443F-9B9B-FC407FAEE282}.Release|Any CPU.ActiveCfg = Release|Any CPU
		{3D52F0D5-5824-443F-9B9B-FC407FAEE282}.Release|Any CPU.Build.0 = Release|Any CPU
		{D900B97D-06EF-47EE-8D8A-D729F6D62E31}.Debug|Any CPU.ActiveCfg = Debug|Any CPU
		{D900B97D-06EF-47EE-8D8A-D729F6D62E31}.Debug|Any CPU.Build.0 = Debug|Any CPU
		{D900B97D-06EF-47EE-8D8A-D729F6D62E31}.Release|Any CPU.ActiveCfg = Release|Any CPU
		{D900B97D-06EF-47EE-8D8A-D729F6D62E31}.Release|Any CPU.Build.0 = Release|Any CPU
		{106C0EBD-55B8-4E97-AB91-A43E79DC029E}.Debug|Any CPU.ActiveCfg = Debug|Any CPU
		{106C0EBD-55B8-4E97-AB91-A43E79DC029E}.Debug|Any CPU.Build.0 = Debug|Any CPU
		{106C0EBD-55B8-4E97-AB91-A43E79DC029E}.Release|Any CPU.ActiveCfg = Release|Any CPU
		{106C0EBD-55B8-4E97-AB91-A43E79DC029E}.Release|Any CPU.Build.0 = Release|Any CPU
		{7521CC57-B51E-4EC9-A04D-448A2678F0D7}.Debug|Any CPU.ActiveCfg = Debug|Any CPU
		{7521CC57-B51E-4EC9-A04D-448A2678F0D7}.Debug|Any CPU.Build.0 = Debug|Any CPU
		{7521CC57-B51E-4EC9-A04D-448A2678F0D7}.Release|Any CPU.ActiveCfg = Release|Any CPU
		{7521CC57-B51E-4EC9-A04D-448A2678F0D7}.Release|Any CPU.Build.0 = Release|Any CPU
		{91C6A3F5-EE84-4CCB-BC9B-75DF372A033F}.Debug|Any CPU.ActiveCfg = Debug|Any CPU
		{91C6A3F5-EE84-4CCB-BC9B-75DF372A033F}.Debug|Any CPU.Build.0 = Debug|Any CPU
		{91C6A3F5-EE84-4CCB-BC9B-75DF372A033F}.Release|Any CPU.ActiveCfg = Release|Any CPU
		{91C6A3F5-EE84-4CCB-BC9B-75DF372A033F}.Release|Any CPU.Build.0 = Release|Any CPU
	EndGlobalSection
	GlobalSection(SolutionProperties) = preSolution
		HideSolutionNode = FALSE
	EndGlobalSection
	GlobalSection(NestedProjects) = preSolution
		{72B6DF6C-645B-4C13-8271-D9277CC0C6DA} = {A18CEA0B-378E-4DF8-9CC6-5B9136914468}
		{E1F4B298-7B90-4DE0-AD02-2BDEAC2D7E7F} = {A18CEA0B-378E-4DF8-9CC6-5B9136914468}
		{B397FE44-BB9B-4962-8D5A-039A0905F140} = {A18CEA0B-378E-4DF8-9CC6-5B9136914468}
		{B85FCA4A-2EB7-4A22-9306-EBF3E8558FC0} = {6FED2FB2-4D80-4D6D-A774-7674D112370C}
		{3BAADC71-38F9-4945-BC57-2667FBE5FA25} = {49FA8A4B-3D97-4305-91E5-C90680B72FA5}
		{6D8FD841-8D7A-4D41-A62D-B32BE2A3E4EF} = {7BE68062-2528-4F75-88F4-D57A67F44290}
		{EE31BE66-D03F-4018-98AA-BB329E95ED23} = {12C27615-094C-4733-B647-C6E9AE85838C}
		{A79EC6B0-AF83-47AB-A1A5-8F89EBD9F68E} = {66DF2A6D-11ED-4C7B-8200-EF550146EB38}
		{26474B7A-80F6-4E1C-A72C-17F85CDE5619} = {794C41B0-439A-415B-9BE7-38CF011D2765}
		{BB18AB8F-D4BF-499D-82DD-8E961D07EBB0} = {B397FE44-BB9B-4962-8D5A-039A0905F140}
		{6FED2FB2-4D80-4D6D-A774-7674D112370C} = {E1F4B298-7B90-4DE0-AD02-2BDEAC2D7E7F}
		{49FA8A4B-3D97-4305-91E5-C90680B72FA5} = {E1F4B298-7B90-4DE0-AD02-2BDEAC2D7E7F}
		{12C27615-094C-4733-B647-C6E9AE85838C} = {E1F4B298-7B90-4DE0-AD02-2BDEAC2D7E7F}
		{794C41B0-439A-415B-9BE7-38CF011D2765} = {E1F4B298-7B90-4DE0-AD02-2BDEAC2D7E7F}
		{66DF2A6D-11ED-4C7B-8200-EF550146EB38} = {E1F4B298-7B90-4DE0-AD02-2BDEAC2D7E7F}
		{7BE68062-2528-4F75-88F4-D57A67F44290} = {E1F4B298-7B90-4DE0-AD02-2BDEAC2D7E7F}
		{F0960164-80B9-4BBA-8A0E-FEC8541C0D71} = {B397FE44-BB9B-4962-8D5A-039A0905F140}
		{C31FB8B5-3BB1-4207-94FF-635F27D5E841} = {F0960164-80B9-4BBA-8A0E-FEC8541C0D71}
		{DA4F2053-659F-4D4C-9584-9144923E1599} = {BB18AB8F-D4BF-499D-82DD-8E961D07EBB0}
		{DF209F4A-5476-44E8-A067-0442B0CE09E6} = {B397FE44-BB9B-4962-8D5A-039A0905F140}
		{87B5BCD3-5472-41ED-BB52-0FE15A92E511} = {DF209F4A-5476-44E8-A067-0442B0CE09E6}
		{3D52F0D5-5824-443F-9B9B-FC407FAEE282} = {794C41B0-439A-415B-9BE7-38CF011D2765}
		{D900B97D-06EF-47EE-8D8A-D729F6D62E31} = {794C41B0-439A-415B-9BE7-38CF011D2765}
		{23FBE107-3128-411D-8EAF-4971AA571CD9} = {72B6DF6C-645B-4C13-8271-D9277CC0C6DA}
		{106C0EBD-55B8-4E97-AB91-A43E79DC029E} = {23FBE107-3128-411D-8EAF-4971AA571CD9}
		{7521CC57-B51E-4EC9-A04D-448A2678F0D7} = {66DF2A6D-11ED-4C7B-8200-EF550146EB38}
		{FC0CE08A-DDFF-493F-8AB0-869A178C8D71} = {A18CEA0B-378E-4DF8-9CC6-5B9136914468}
		{91C6A3F5-EE84-4CCB-BC9B-75DF372A033F} = {FC0CE08A-DDFF-493F-8AB0-869A178C8D71}
	EndGlobalSection
	GlobalSection(ExtensibilityGlobals) = postSolution
		SolutionGuid = {093E595A-86F4-406D-A05F-ECB65D63DF4B}
	EndGlobalSection
EndGlobal
